
Microsoft Visual Studio Solution File, Format Version 12.00
# Visual Studio Version 16
VisualStudioVersion = 16.0.31321.278
MinimumVisualStudioVersion = 10.0.40219.1
Project("{FAE04EC0-301F-11D3-BF4B-00C04F79EFBC}") = "ICM.Domain", "ICM.Domain\ICM.Domain.csproj", "{2D47FCE7-A3F0-4DFC-8A8A-B1D47AC32E80}"
EndProject
Project("{FAE04EC0-301F-11D3-BF4B-00C04F79EFBC}") = "ICM.Application", "ICM.Application\ICM.Application.csproj", "{0769986A-61AA-4620-B50C-E39C606741FC}"
EndProject
Project("{FAE04EC0-301F-11D3-BF4B-00C04F79EFBC}") = "ICM.CrossCutting", "ICM.CrossCutting\ICM.CrossCutting.csproj", "{05A54B03-7CC2-4B52-94AE-DA073DF67DB2}"
EndProject
Project("{FAE04EC0-301F-11D3-BF4B-00C04F79EFBC}") = "ICM.Repository", "ICM.Repository\ICM.Repository.csproj", "{DC0BC1A5-BE28-461B-9B43-E05E0083FFAB}"
EndProject
Project("{FAE04EC0-301F-11D3-BF4B-00C04F79EFBC}") = "ICM.API", "ICM.API\ICM.API.csproj", "{B314C0AF-8F57-4BD9-9448-6E619EA211C2}"
EndProject
Project("{FAE04EC0-301F-11D3-BF4B-00C04F79EFBC}") = "ICM.Tests", "ICM.Tests\ICM.Tests.csproj", "{C7897917-A693-48F1-94B1-A96EA98FCA59}"
EndProject
Global
	GlobalSection(SolutionConfigurationPlatforms) = preSolution
		Debug|Any CPU = Debug|Any CPU
		Release|Any CPU = Release|Any CPU
	EndGlobalSection
	GlobalSection(ProjectConfigurationPlatforms) = postSolution
		{2D47FCE7-A3F0-4DFC-8A8A-B1D47AC32E80}.Debug|Any CPU.ActiveCfg = Debug|Any CPU
		{2D47FCE7-A3F0-4DFC-8A8A-B1D47AC32E80}.Debug|Any CPU.Build.0 = Debug|Any CPU
		{2D47FCE7-A3F0-4DFC-8A8A-B1D47AC32E80}.Release|Any CPU.ActiveCfg = Release|Any CPU
		{2D47FCE7-A3F0-4DFC-8A8A-B1D47AC32E80}.Release|Any CPU.Build.0 = Release|Any CPU
		{0769986A-61AA-4620-B50C-E39C606741FC}.Debug|Any CPU.ActiveCfg = Debug|Any CPU
		{0769986A-61AA-4620-B50C-E39C606741FC}.Debug|Any CPU.Build.0 = Debug|Any CPU
		{0769986A-61AA-4620-B50C-E39C606741FC}.Release|Any CPU.ActiveCfg = Release|Any CPU
		{0769986A-61AA-4620-B50C-E39C606741FC}.Release|Any CPU.Build.0 = Release|Any CPU
		{05A54B03-7CC2-4B52-94AE-DA073DF67DB2}.Debug|Any CPU.ActiveCfg = Debug|Any CPU
		{05A54B03-7CC2-4B52-94AE-DA073DF67DB2}.Debug|Any CPU.Build.0 = Debug|Any CPU
		{05A54B03-7CC2-4B52-94AE-DA073DF67DB2}.Release|Any CPU.ActiveCfg = Release|Any CPU
		{05A54B03-7CC2-4B52-94AE-DA073DF67DB2}.Release|Any CPU.Build.0 = Release|Any CPU
		{DC0BC1A5-BE28-461B-9B43-E05E0083FFAB}.Debug|Any CPU.ActiveCfg = Debug|Any CPU
		{DC0BC1A5-BE28-461B-9B43-E05E0083FFAB}.Debug|Any CPU.Build.0 = Debug|Any CPU
		{DC0BC1A5-BE28-461B-9B43-E05E0083FFAB}.Release|Any CPU.ActiveCfg = Release|Any CPU
		{DC0BC1A5-BE28-461B-9B43-E05E0083FFAB}.Release|Any CPU.Build.0 = Release|Any CPU
		{B314C0AF-8F57-4BD9-9448-6E619EA211C2}.Debug|Any CPU.ActiveCfg = Debug|Any CPU
		{B314C0AF-8F57-4BD9-9448-6E619EA211C2}.Debug|Any CPU.Build.0 = Debug|Any CPU
		{B314C0AF-8F57-4BD9-9448-6E619EA211C2}.Release|Any CPU.ActiveCfg = Release|Any CPU
		{B314C0AF-8F57-4BD9-9448-6E619EA211C2}.Release|Any CPU.Build.0 = Release|Any CPU
		{C7897917-A693-48F1-94B1-A96EA98FCA59}.Debug|Any CPU.ActiveCfg = Debug|Any CPU
		{C7897917-A693-48F1-94B1-A96EA98FCA59}.Debug|Any CPU.Build.0 = Debug|Any CPU
		{C7897917-A693-48F1-94B1-A96EA98FCA59}.Release|Any CPU.ActiveCfg = Release|Any CPU
		{C7897917-A693-48F1-94B1-A96EA98FCA59}.Release|Any CPU.Build.0 = Release|Any CPU
	EndGlobalSection
	GlobalSection(SolutionProperties) = preSolution
		HideSolutionNode = FALSE
	EndGlobalSection
	GlobalSection(ExtensibilityGlobals) = postSolution
		SolutionGuid = {497853AC-F556-47CF-96DC-8F6527C45BF3}
	EndGlobalSection
EndGlobal
